
Microsoft Visual Studio Solution File, Format Version 12.00
# Visual Studio 2013
VisualStudioVersion = 12.0.30723.0
MinimumVisualStudioVersion = 10.0.40219.1
Project("{FAE04EC0-301F-11D3-BF4B-00C04F79EFBC}") = "ConTrail", "ConTrail\ConTrail.csproj", "{69CCA10A-08BB-49D9-BB20-D100CA905E8F}"
EndProject
Project("{FAE04EC0-301F-11D3-BF4B-00C04F79EFBC}") = "ConTrailTests", "ConTrailTests\ConTrailTests.csproj", "{962C0005-0331-491B-BEB0-E698B30B6DF6}"
EndProject
Project("{FAE04EC0-301F-11D3-BF4B-00C04F79EFBC}") = "ConTrailThingGenerator", "ConTrailThingGenerator\ConTrailThingGenerator.csproj", "{CF29A426-5AD6-41A4-A377-B4898DAC34AF}"
EndProject
Global
	GlobalSection(SolutionConfigurationPlatforms) = preSolution
		Debug|Any CPU = Debug|Any CPU
		Release|Any CPU = Release|Any CPU
	EndGlobalSection
	GlobalSection(ProjectConfigurationPlatforms) = postSolution
		{69CCA10A-08BB-49D9-BB20-D100CA905E8F}.Debug|Any CPU.ActiveCfg = Debug|Any CPU
		{69CCA10A-08BB-49D9-BB20-D100CA905E8F}.Debug|Any CPU.Build.0 = Debug|Any CPU
		{69CCA10A-08BB-49D9-BB20-D100CA905E8F}.Release|Any CPU.ActiveCfg = Release|Any CPU
		{69CCA10A-08BB-49D9-BB20-D100CA905E8F}.Release|Any CPU.Build.0 = Release|Any CPU
		{962C0005-0331-491B-BEB0-E698B30B6DF6}.Debug|Any CPU.ActiveCfg = Debug|Any CPU
		{962C0005-0331-491B-BEB0-E698B30B6DF6}.Debug|Any CPU.Build.0 = Debug|Any CPU
		{962C0005-0331-491B-BEB0-E698B30B6DF6}.Release|Any CPU.ActiveCfg = Release|Any CPU
		{962C0005-0331-491B-BEB0-E698B30B6DF6}.Release|Any CPU.Build.0 = Release|Any CPU
		{CF29A426-5AD6-41A4-A377-B4898DAC34AF}.Debug|Any CPU.ActiveCfg = Debug|Any CPU
		{CF29A426-5AD6-41A4-A377-B4898DAC34AF}.Debug|Any CPU.Build.0 = Debug|Any CPU
		{CF29A426-5AD6-41A4-A377-B4898DAC34AF}.Release|Any CPU.ActiveCfg = Release|Any CPU
		{CF29A426-5AD6-41A4-A377-B4898DAC34AF}.Release|Any CPU.Build.0 = Release|Any CPU
	EndGlobalSection
	GlobalSection(SolutionProperties) = preSolution
		HideSolutionNode = FALSE
	EndGlobalSection
EndGlobal
